// !$*UTF8*$!
{
	archiveVersion = 1;
	classes = {
	};
	objectVersion = 55;
	objects = {

/* Begin PBXBuildFile section */
		311F599A27E098340001C116 /* WhistBuddyApp.swift in Sources */ = {isa = PBXBuildFile; fileRef = 311F599927E098340001C116 /* WhistBuddyApp.swift */; };
		311F599E27E098360001C116 /* Assets.xcassets in Resources */ = {isa = PBXBuildFile; fileRef = 311F599D27E098360001C116 /* Assets.xcassets */; };
		311F59A127E098360001C116 /* Preview Assets.xcassets in Resources */ = {isa = PBXBuildFile; fileRef = 311F59A027E098360001C116 /* Preview Assets.xcassets */; };
		311F59B227E0A3C20001C116 /* Round.swift in Sources */ = {isa = PBXBuildFile; fileRef = 311F59B127E0A3C20001C116 /* Round.swift */; };
		311F59B827E0A83A0001C116 /* ModelData.swift in Sources */ = {isa = PBXBuildFile; fileRef = 311F59B727E0A83A0001C116 /* ModelData.swift */; };
		3128FF3B27F2D913003B86CE /* RoundEditorWrapper.swift in Sources */ = {isa = PBXBuildFile; fileRef = 3128FF3A27F2D913003B86CE /* RoundEditorWrapper.swift */; };
		312E81A227F615D400D014E9 /* ConstrainedInputEditor.swift in Sources */ = {isa = PBXBuildFile; fileRef = 312E81A127F615D400D014E9 /* ConstrainedInputEditor.swift */; };
		31435BC027E6040300A4B3CA /* InputEditor.swift in Sources */ = {isa = PBXBuildFile; fileRef = 31435BBF27E6040300A4B3CA /* InputEditor.swift */; };
		31435BC227E6052C00A4B3CA /* Hand.swift in Sources */ = {isa = PBXBuildFile; fileRef = 31435BC127E6052C00A4B3CA /* Hand.swift */; };
		31435BC427E61E3F00A4B3CA /* InputHost.swift in Sources */ = {isa = PBXBuildFile; fileRef = 31435BC327E61E3F00A4B3CA /* InputHost.swift */; };
		315C131727E86E230024DB2F /* RoundEditor.swift in Sources */ = {isa = PBXBuildFile; fileRef = 315C131627E86E230024DB2F /* RoundEditor.swift */; };
		3182C66D27E132CA00B8E719 /* ProfileSummary.swift in Sources */ = {isa = PBXBuildFile; fileRef = 3182C66C27E132CA00B8E719 /* ProfileSummary.swift */; };
		3182C67127E1350400B8E719 /* ProfileEditor.swift in Sources */ = {isa = PBXBuildFile; fileRef = 3182C67027E1350400B8E719 /* ProfileEditor.swift */; };
		3182C67327E1359B00B8E719 /* Profile.swift in Sources */ = {isa = PBXBuildFile; fileRef = 3182C67227E1359B00B8E719 /* Profile.swift */; };
		3182C67527E13BB600B8E719 /* ProfileHost.swift in Sources */ = {isa = PBXBuildFile; fileRef = 3182C67427E13BB600B8E719 /* ProfileHost.swift */; };
		3182C67D27E15FB400B8E719 /* RoundEntry.swift in Sources */ = {isa = PBXBuildFile; fileRef = 3182C67C27E15FB400B8E719 /* RoundEntry.swift */; };
		3182C67F27E161AF00B8E719 /* GameSummary.swift in Sources */ = {isa = PBXBuildFile; fileRef = 3182C67E27E161AF00B8E719 /* GameSummary.swift */; };
		3182C68327E23EE300B8E719 /* GameHost.swift in Sources */ = {isa = PBXBuildFile; fileRef = 3182C68227E23EE300B8E719 /* GameHost.swift */; };
		318DEEF527E9B92D00671C0C /* Player.swift in Sources */ = {isa = PBXBuildFile; fileRef = 318DEEF427E9B92D00671C0C /* Player.swift */; };
		318DEEF727E9F17800671C0C /* GameStandings.swift in Sources */ = {isa = PBXBuildFile; fileRef = 318DEEF627E9F17800671C0C /* GameStandings.swift */; };
		318DEEFA27EDB38500671C0C /* GameMode.swift in Sources */ = {isa = PBXBuildFile; fileRef = 318DEEF927EDB38500671C0C /* GameMode.swift */; };
		318DEEFF27EDBA9300671C0C /* StreakBonus.swift in Sources */ = {isa = PBXBuildFile; fileRef = 318DEEFE27EDBA9300671C0C /* StreakBonus.swift */; };
		318DEF0127EDC24700671C0C /* Players.swift in Sources */ = {isa = PBXBuildFile; fileRef = 318DEF0027EDC24700671C0C /* Players.swift */; };
		318DEF0327EDC7CA00671C0C /* ReplayRound.swift in Sources */ = {isa = PBXBuildFile; fileRef = 318DEF0227EDC7CA00671C0C /* ReplayRound.swift */; };
		318DEF0527EDD28400671C0C /* PlayerCountEditor.swift in Sources */ = {isa = PBXBuildFile; fileRef = 318DEF0427EDD28300671C0C /* PlayerCountEditor.swift */; };
		318DEF0727EDD36A00671C0C /* GameModeEditor.swift in Sources */ = {isa = PBXBuildFile; fileRef = 318DEF0627EDD36A00671C0C /* GameModeEditor.swift */; };
		318DEF0927EDD50E00671C0C /* StreakBonusEditor.swift in Sources */ = {isa = PBXBuildFile; fileRef = 318DEF0827EDD50E00671C0C /* StreakBonusEditor.swift */; };
		318DEF0B27EDD78100671C0C /* ReplayRoundEditor.swift in Sources */ = {isa = PBXBuildFile; fileRef = 318DEF0A27EDD78100671C0C /* ReplayRoundEditor.swift */; };
		318DEF0D27EDDA3D00671C0C /* StreakBonusValueEditor.swift in Sources */ = {isa = PBXBuildFile; fileRef = 318DEF0C27EDDA3D00671C0C /* StreakBonusValueEditor.swift */; };
		318DEF0F27EDDEEE00671C0C /* PlayerNamesEditor.swift in Sources */ = {isa = PBXBuildFile; fileRef = 318DEF0E27EDDEEE00671C0C /* PlayerNamesEditor.swift */; };
		318DEF1A27EE3EB100671C0C /* RoundList.swift in Sources */ = {isa = PBXBuildFile; fileRef = 318DEF1927EE3EB100671C0C /* RoundList.swift */; };
		318DEF1C27EE413200671C0C /* PlayerList.swift in Sources */ = {isa = PBXBuildFile; fileRef = 318DEF1B27EE413200671C0C /* PlayerList.swift */; };
		318DEF1F27EE531300671C0C /* InputListEditor.swift in Sources */ = {isa = PBXBuildFile; fileRef = 318DEF1E27EE531300671C0C /* InputListEditor.swift */; };
		318DEF2227EE58BB00671C0C /* RoundText.swift in Sources */ = {isa = PBXBuildFile; fileRef = 318DEF2127EE58BB00671C0C /* RoundText.swift */; };
		318DEF2427F1E3CE00671C0C /* AlertInfo.swift in Sources */ = {isa = PBXBuildFile; fileRef = 318DEF2327F1E3CE00671C0C /* AlertInfo.swift */; };
		31B1F59C2804AA6F002E0C77 /* GameHeader.swift in Sources */ = {isa = PBXBuildFile; fileRef = 31B1F59A2804AA6F002E0C77 /* GameHeader.swift */; };
		31B1F59D2804AA6F002E0C77 /* MenuList.swift in Sources */ = {isa = PBXBuildFile; fileRef = 31B1F59B2804AA6F002E0C77 /* MenuList.swift */; };
		31B1F59F2804AA93002E0C77 /* InputButton.swift in Sources */ = {isa = PBXBuildFile; fileRef = 31B1F59E2804AA93002E0C77 /* InputButton.swift */; };
		31B1F5A12804AA9D002E0C77 /* NewGameButton.swift in Sources */ = {isa = PBXBuildFile; fileRef = 31B1F5A02804AA9D002E0C77 /* NewGameButton.swift */; };
/* End PBXBuildFile section */

/* Begin PBXFileReference section */
		311F599627E098340001C116 /* WhistBuddy.app */ = {isa = PBXFileReference; explicitFileType = wrapper.application; includeInIndex = 0; path = WhistBuddy.app; sourceTree = BUILT_PRODUCTS_DIR; };
		311F599927E098340001C116 /* WhistBuddyApp.swift */ = {isa = PBXFileReference; lastKnownFileType = sourcecode.swift; path = WhistBuddyApp.swift; sourceTree = "<group>"; };
		311F599D27E098360001C116 /* Assets.xcassets */ = {isa = PBXFileReference; lastKnownFileType = folder.assetcatalog; path = Assets.xcassets; sourceTree = "<group>"; };
		311F59A027E098360001C116 /* Preview Assets.xcassets */ = {isa = PBXFileReference; lastKnownFileType = folder.assetcatalog; path = "Preview Assets.xcassets"; sourceTree = "<group>"; };
		311F59B127E0A3C20001C116 /* Round.swift */ = {isa = PBXFileReference; lastKnownFileType = sourcecode.swift; path = Round.swift; sourceTree = "<group>"; };
		311F59B727E0A83A0001C116 /* ModelData.swift */ = {isa = PBXFileReference; lastKnownFileType = sourcecode.swift; path = ModelData.swift; sourceTree = "<group>"; };
		3128FF3A27F2D913003B86CE /* RoundEditorWrapper.swift */ = {isa = PBXFileReference; lastKnownFileType = sourcecode.swift; path = RoundEditorWrapper.swift; sourceTree = "<group>"; };
		312E81A127F615D400D014E9 /* ConstrainedInputEditor.swift */ = {isa = PBXFileReference; lastKnownFileType = sourcecode.swift; path = ConstrainedInputEditor.swift; sourceTree = "<group>"; };
		31435BBF27E6040300A4B3CA /* InputEditor.swift */ = {isa = PBXFileReference; lastKnownFileType = sourcecode.swift; path = InputEditor.swift; sourceTree = "<group>"; };
		31435BC127E6052C00A4B3CA /* Hand.swift */ = {isa = PBXFileReference; lastKnownFileType = sourcecode.swift; path = Hand.swift; sourceTree = "<group>"; };
		31435BC327E61E3F00A4B3CA /* InputHost.swift */ = {isa = PBXFileReference; lastKnownFileType = sourcecode.swift; path = InputHost.swift; sourceTree = "<group>"; };
		315C131627E86E230024DB2F /* RoundEditor.swift */ = {isa = PBXFileReference; lastKnownFileType = sourcecode.swift; path = RoundEditor.swift; sourceTree = "<group>"; };
		3182C66C27E132CA00B8E719 /* ProfileSummary.swift */ = {isa = PBXFileReference; lastKnownFileType = sourcecode.swift; path = ProfileSummary.swift; sourceTree = "<group>"; };
		3182C67027E1350400B8E719 /* ProfileEditor.swift */ = {isa = PBXFileReference; lastKnownFileType = sourcecode.swift; path = ProfileEditor.swift; sourceTree = "<group>"; };
		3182C67227E1359B00B8E719 /* Profile.swift */ = {isa = PBXFileReference; lastKnownFileType = sourcecode.swift; path = Profile.swift; sourceTree = "<group>"; };
		3182C67427E13BB600B8E719 /* ProfileHost.swift */ = {isa = PBXFileReference; lastKnownFileType = sourcecode.swift; path = ProfileHost.swift; sourceTree = "<group>"; };
		3182C67C27E15FB400B8E719 /* RoundEntry.swift */ = {isa = PBXFileReference; lastKnownFileType = sourcecode.swift; path = RoundEntry.swift; sourceTree = "<group>"; };
		3182C67E27E161AF00B8E719 /* GameSummary.swift */ = {isa = PBXFileReference; lastKnownFileType = sourcecode.swift; path = GameSummary.swift; sourceTree = "<group>"; };
		3182C68227E23EE300B8E719 /* GameHost.swift */ = {isa = PBXFileReference; lastKnownFileType = sourcecode.swift; path = GameHost.swift; sourceTree = "<group>"; };
		318DEEF427E9B92D00671C0C /* Player.swift */ = {isa = PBXFileReference; lastKnownFileType = sourcecode.swift; path = Player.swift; sourceTree = "<group>"; };
		318DEEF627E9F17800671C0C /* GameStandings.swift */ = {isa = PBXFileReference; lastKnownFileType = sourcecode.swift; path = GameStandings.swift; sourceTree = "<group>"; };
		318DEEF927EDB38500671C0C /* GameMode.swift */ = {isa = PBXFileReference; lastKnownFileType = sourcecode.swift; path = GameMode.swift; sourceTree = "<group>"; };
		318DEEFE27EDBA9300671C0C /* StreakBonus.swift */ = {isa = PBXFileReference; lastKnownFileType = sourcecode.swift; path = StreakBonus.swift; sourceTree = "<group>"; };
		318DEF0027EDC24700671C0C /* Players.swift */ = {isa = PBXFileReference; lastKnownFileType = sourcecode.swift; path = Players.swift; sourceTree = "<group>"; };
		318DEF0227EDC7CA00671C0C /* ReplayRound.swift */ = {isa = PBXFileReference; lastKnownFileType = sourcecode.swift; path = ReplayRound.swift; sourceTree = "<group>"; };
		318DEF0427EDD28300671C0C /* PlayerCountEditor.swift */ = {isa = PBXFileReference; lastKnownFileType = sourcecode.swift; path = PlayerCountEditor.swift; sourceTree = "<group>"; };
		318DEF0627EDD36A00671C0C /* GameModeEditor.swift */ = {isa = PBXFileReference; lastKnownFileType = sourcecode.swift; path = GameModeEditor.swift; sourceTree = "<group>"; };
		318DEF0827EDD50E00671C0C /* StreakBonusEditor.swift */ = {isa = PBXFileReference; lastKnownFileType = sourcecode.swift; path = StreakBonusEditor.swift; sourceTree = "<group>"; };
		318DEF0A27EDD78100671C0C /* ReplayRoundEditor.swift */ = {isa = PBXFileReference; lastKnownFileType = sourcecode.swift; path = ReplayRoundEditor.swift; sourceTree = "<group>"; };
		318DEF0C27EDDA3D00671C0C /* StreakBonusValueEditor.swift */ = {isa = PBXFileReference; lastKnownFileType = sourcecode.swift; path = StreakBonusValueEditor.swift; sourceTree = "<group>"; };
		318DEF0E27EDDEEE00671C0C /* PlayerNamesEditor.swift */ = {isa = PBXFileReference; lastKnownFileType = sourcecode.swift; path = PlayerNamesEditor.swift; sourceTree = "<group>"; };
		318DEF1927EE3EB100671C0C /* RoundList.swift */ = {isa = PBXFileReference; lastKnownFileType = sourcecode.swift; path = RoundList.swift; sourceTree = "<group>"; };
		318DEF1B27EE413200671C0C /* PlayerList.swift */ = {isa = PBXFileReference; lastKnownFileType = sourcecode.swift; path = PlayerList.swift; sourceTree = "<group>"; };
		318DEF1E27EE531300671C0C /* InputListEditor.swift */ = {isa = PBXFileReference; lastKnownFileType = sourcecode.swift; path = InputListEditor.swift; sourceTree = "<group>"; };
		318DEF2127EE58BB00671C0C /* RoundText.swift */ = {isa = PBXFileReference; lastKnownFileType = sourcecode.swift; path = RoundText.swift; sourceTree = "<group>"; };
		318DEF2327F1E3CE00671C0C /* AlertInfo.swift */ = {isa = PBXFileReference; lastKnownFileType = sourcecode.swift; path = AlertInfo.swift; sourceTree = "<group>"; };
		31B1F59A2804AA6F002E0C77 /* GameHeader.swift */ = {isa = PBXFileReference; fileEncoding = 4; lastKnownFileType = sourcecode.swift; path = GameHeader.swift; sourceTree = "<group>"; };
		31B1F59B2804AA6F002E0C77 /* MenuList.swift */ = {isa = PBXFileReference; fileEncoding = 4; lastKnownFileType = sourcecode.swift; path = MenuList.swift; sourceTree = "<group>"; };
		31B1F59E2804AA93002E0C77 /* InputButton.swift */ = {isa = PBXFileReference; fileEncoding = 4; lastKnownFileType = sourcecode.swift; name = InputButton.swift; path = WhistBuddy/Views/Game/Helpers/InputButton.swift; sourceTree = SOURCE_ROOT; };
		31B1F5A02804AA9D002E0C77 /* NewGameButton.swift */ = {isa = PBXFileReference; fileEncoding = 4; lastKnownFileType = sourcecode.swift; name = NewGameButton.swift; path = WhistBuddy/Views/Game/Helpers/NewGameButton.swift; sourceTree = SOURCE_ROOT; };
/* End PBXFileReference section */

/* Begin PBXFrameworksBuildPhase section */
		311F599327E098340001C116 /* Frameworks */ = {
			isa = PBXFrameworksBuildPhase;
			buildActionMask = 2147483647;
			files = (
			);
			runOnlyForDeploymentPostprocessing = 0;
		};
/* End PBXFrameworksBuildPhase section */

/* Begin PBXGroup section */
		311F598D27E098340001C116 = {
			isa = PBXGroup;
			children = (
				311F599827E098340001C116 /* WhistBuddy */,
				311F599727E098340001C116 /* Products */,
			);
			sourceTree = "<group>";
		};
		311F599727E098340001C116 /* Products */ = {
			isa = PBXGroup;
			children = (
				311F599627E098340001C116 /* WhistBuddy.app */,
			);
			name = Products;
			sourceTree = "<group>";
		};
		311F599827E098340001C116 /* WhistBuddy */ = {
			isa = PBXGroup;
			children = (
				311F599927E098340001C116 /* WhistBuddyApp.swift */,
				311F599D27E098360001C116 /* Assets.xcassets */,
				311F599F27E098360001C116 /* Preview Content */,
				311F59B927E0A8420001C116 /* Resources */,
				311F59A927E098DF0001C116 /* Model */,
				311F59AE27E09FC90001C116 /* Views */,
			);
			path = WhistBuddy;
			sourceTree = "<group>";
		};
		311F599F27E098360001C116 /* Preview Content */ = {
			isa = PBXGroup;
			children = (
				311F59A027E098360001C116 /* Preview Assets.xcassets */,
			);
			path = "Preview Content";
			sourceTree = "<group>";
		};
		311F59A927E098DF0001C116 /* Model */ = {
			isa = PBXGroup;
			children = (
				311F59B127E0A3C20001C116 /* Round.swift */,
				311F59B727E0A83A0001C116 /* ModelData.swift */,
				3182C67227E1359B00B8E719 /* Profile.swift */,
				31435BC127E6052C00A4B3CA /* Hand.swift */,
				318DEEF427E9B92D00671C0C /* Player.swift */,
				318DEF2327F1E3CE00671C0C /* AlertInfo.swift */,
			);
			path = Model;
			sourceTree = "<group>";
		};
		311F59AE27E09FC90001C116 /* Views */ = {
			isa = PBXGroup;
			children = (
				31435BBE27E603D300A4B3CA /* Input */,
				3182C67927E15DD600B8E719 /* Game */,
				3182C66E27E134E600B8E719 /* Profile */,
			);
			path = Views;
			sourceTree = "<group>";
		};
		311F59B927E0A8420001C116 /* Resources */ = {
			isa = PBXGroup;
			children = (
			);
			path = Resources;
			sourceTree = "<group>";
		};
		31435BBE27E603D300A4B3CA /* Input */ = {
			isa = PBXGroup;
			children = (
				318DEF1D27EE522200671C0C /* Helpers */,
				31435BBF27E6040300A4B3CA /* InputEditor.swift */,
				312E81A127F615D400D014E9 /* ConstrainedInputEditor.swift */,
				31435BC327E61E3F00A4B3CA /* InputHost.swift */,
				315C131627E86E230024DB2F /* RoundEditor.swift */,
			);
			path = Input;
			sourceTree = "<group>";
		};
		3182C66E27E134E600B8E719 /* Profile */ = {
			isa = PBXGroup;
			children = (
				3182C66C27E132CA00B8E719 /* ProfileSummary.swift */,
				3182C67027E1350400B8E719 /* ProfileEditor.swift */,
				3182C67427E13BB600B8E719 /* ProfileHost.swift */,
				318DEEF827EDB35B00671C0C /* Helpers */,
			);
			path = Profile;
			sourceTree = "<group>";
		};
		3182C67927E15DD600B8E719 /* Game */ = {
			isa = PBXGroup;
			children = (
				318DEF2027EE58A500671C0C /* Helpers */,
				3182C67E27E161AF00B8E719 /* GameSummary.swift */,
				3182C68227E23EE300B8E719 /* GameHost.swift */,
				318DEEF627E9F17800671C0C /* GameStandings.swift */,
			);
			path = Game;
			sourceTree = "<group>";
		};
		318DEEF827EDB35B00671C0C /* Helpers */ = {
			isa = PBXGroup;
			children = (
				318DEEF927EDB38500671C0C /* GameMode.swift */,
				318DEF0027EDC24700671C0C /* Players.swift */,
				318DEEFE27EDBA9300671C0C /* StreakBonus.swift */,
				318DEF0227EDC7CA00671C0C /* ReplayRound.swift */,
				318DEF0427EDD28300671C0C /* PlayerCountEditor.swift */,
				318DEF0627EDD36A00671C0C /* GameModeEditor.swift */,
				318DEF0827EDD50E00671C0C /* StreakBonusEditor.swift */,
				318DEF0A27EDD78100671C0C /* ReplayRoundEditor.swift */,
				318DEF0C27EDDA3D00671C0C /* StreakBonusValueEditor.swift */,
				318DEF0E27EDDEEE00671C0C /* PlayerNamesEditor.swift */,
			);
			path = Helpers;
			sourceTree = "<group>";
		};
		318DEF1D27EE522200671C0C /* Helpers */ = {
			isa = PBXGroup;
			children = (
				318DEF1E27EE531300671C0C /* InputListEditor.swift */,
				3128FF3A27F2D913003B86CE /* RoundEditorWrapper.swift */,
			);
			path = Helpers;
			sourceTree = "<group>";
		};
		318DEF2027EE58A500671C0C /* Helpers */ = {
			isa = PBXGroup;
			children = (
				31B1F59B2804AA6F002E0C77 /* MenuList.swift */,
				318DEF2127EE58BB00671C0C /* RoundText.swift */,
				3182C67C27E15FB400B8E719 /* RoundEntry.swift */,
				31B1F5A02804AA9D002E0C77 /* NewGameButton.swift */,
				318DEF1927EE3EB100671C0C /* RoundList.swift */,
				318DEF1B27EE413200671C0C /* PlayerList.swift */,
				31B1F59E2804AA93002E0C77 /* InputButton.swift */,
				31B1F59A2804AA6F002E0C77 /* GameHeader.swift */,
			);
			path = Helpers;
			sourceTree = "<group>";
		};
/* End PBXGroup section */

/* Begin PBXNativeTarget section */
		311F599527E098340001C116 /* WhistBuddy */ = {
			isa = PBXNativeTarget;
			buildConfigurationList = 311F59A427E098360001C116 /* Build configuration list for PBXNativeTarget "WhistBuddy" */;
			buildPhases = (
				311F599227E098340001C116 /* Sources */,
				311F599327E098340001C116 /* Frameworks */,
				311F599427E098340001C116 /* Resources */,
			);
			buildRules = (
			);
			dependencies = (
			);
			name = WhistBuddy;
			productName = WhistBuddy;
			productReference = 311F599627E098340001C116 /* WhistBuddy.app */;
			productType = "com.apple.product-type.application";
		};
/* End PBXNativeTarget section */

/* Begin PBXProject section */
		311F598E27E098340001C116 /* Project object */ = {
			isa = PBXProject;
			attributes = {
				BuildIndependentTargetsInParallel = 1;
				LastSwiftUpdateCheck = 1320;
				LastUpgradeCheck = 1320;
				TargetAttributes = {
					311F599527E098340001C116 = {
						CreatedOnToolsVersion = 13.2.1;
					};
				};
			};
			buildConfigurationList = 311F599127E098340001C116 /* Build configuration list for PBXProject "WhistBuddy" */;
			compatibilityVersion = "Xcode 13.0";
			developmentRegion = en;
			hasScannedForEncodings = 0;
			knownRegions = (
				en,
				Base,
			);
			mainGroup = 311F598D27E098340001C116;
			productRefGroup = 311F599727E098340001C116 /* Products */;
			projectDirPath = "";
			projectRoot = "";
			targets = (
				311F599527E098340001C116 /* WhistBuddy */,
			);
		};
/* End PBXProject section */

/* Begin PBXResourcesBuildPhase section */
		311F599427E098340001C116 /* Resources */ = {
			isa = PBXResourcesBuildPhase;
			buildActionMask = 2147483647;
			files = (
				311F59A127E098360001C116 /* Preview Assets.xcassets in Resources */,
				311F599E27E098360001C116 /* Assets.xcassets in Resources */,
			);
			runOnlyForDeploymentPostprocessing = 0;
		};
/* End PBXResourcesBuildPhase section */

/* Begin PBXSourcesBuildPhase section */
		311F599227E098340001C116 /* Sources */ = {
			isa = PBXSourcesBuildPhase;
			buildActionMask = 2147483647;
			files = (
				318DEEFA27EDB38500671C0C /* GameMode.swift in Sources */,
				3182C66D27E132CA00B8E719 /* ProfileSummary.swift in Sources */,
				318DEF1C27EE413200671C0C /* PlayerList.swift in Sources */,
				3128FF3B27F2D913003B86CE /* RoundEditorWrapper.swift in Sources */,
				318DEF0727EDD36A00671C0C /* GameModeEditor.swift in Sources */,
				318DEF0327EDC7CA00671C0C /* ReplayRound.swift in Sources */,
				318DEEFF27EDBA9300671C0C /* StreakBonus.swift in Sources */,
				3182C67527E13BB600B8E719 /* ProfileHost.swift in Sources */,
				31435BC027E6040300A4B3CA /* InputEditor.swift in Sources */,
				3182C67127E1350400B8E719 /* ProfileEditor.swift in Sources */,
				3182C67D27E15FB400B8E719 /* RoundEntry.swift in Sources */,
				31435BC427E61E3F00A4B3CA /* InputHost.swift in Sources */,
				311F599A27E098340001C116 /* WhistBuddyApp.swift in Sources */,
				31B1F59D2804AA6F002E0C77 /* MenuList.swift in Sources */,
				318DEF0F27EDDEEE00671C0C /* PlayerNamesEditor.swift in Sources */,
				3182C67F27E161AF00B8E719 /* GameSummary.swift in Sources */,
				31B1F59F2804AA93002E0C77 /* InputButton.swift in Sources */,
				318DEF0B27EDD78100671C0C /* ReplayRoundEditor.swift in Sources */,
				311F59B227E0A3C20001C116 /* Round.swift in Sources */,
				318DEF0527EDD28400671C0C /* PlayerCountEditor.swift in Sources */,
				31435BC227E6052C00A4B3CA /* Hand.swift in Sources */,
				318DEEF727E9F17800671C0C /* GameStandings.swift in Sources */,
				318DEF1F27EE531300671C0C /* InputListEditor.swift in Sources */,
				31B1F5A12804AA9D002E0C77 /* NewGameButton.swift in Sources */,
				3182C67327E1359B00B8E719 /* Profile.swift in Sources */,
				315C131727E86E230024DB2F /* RoundEditor.swift in Sources */,
				311F59B827E0A83A0001C116 /* ModelData.swift in Sources */,
				318DEF0927EDD50E00671C0C /* StreakBonusEditor.swift in Sources */,
				318DEF2427F1E3CE00671C0C /* AlertInfo.swift in Sources */,
				318DEF0D27EDDA3D00671C0C /* StreakBonusValueEditor.swift in Sources */,
				318DEEF527E9B92D00671C0C /* Player.swift in Sources */,
				31B1F59C2804AA6F002E0C77 /* GameHeader.swift in Sources */,
				318DEF0127EDC24700671C0C /* Players.swift in Sources */,
				318DEF1A27EE3EB100671C0C /* RoundList.swift in Sources */,
				318DEF2227EE58BB00671C0C /* RoundText.swift in Sources */,
				3182C68327E23EE300B8E719 /* GameHost.swift in Sources */,
				312E81A227F615D400D014E9 /* ConstrainedInputEditor.swift in Sources */,
			);
			runOnlyForDeploymentPostprocessing = 0;
		};
/* End PBXSourcesBuildPhase section */

/* Begin XCBuildConfiguration section */
		311F59A227E098360001C116 /* Debug */ = {
			isa = XCBuildConfiguration;
			buildSettings = {
				ALWAYS_SEARCH_USER_PATHS = NO;
				CLANG_ANALYZER_NONNULL = YES;
				CLANG_ANALYZER_NUMBER_OBJECT_CONVERSION = YES_AGGRESSIVE;
				CLANG_CXX_LANGUAGE_STANDARD = "gnu++17";
				CLANG_CXX_LIBRARY = "libc++";
				CLANG_ENABLE_MODULES = YES;
				CLANG_ENABLE_OBJC_ARC = YES;
				CLANG_ENABLE_OBJC_WEAK = YES;
				CLANG_WARN_BLOCK_CAPTURE_AUTORELEASING = YES;
				CLANG_WARN_BOOL_CONVERSION = YES;
				CLANG_WARN_COMMA = YES;
				CLANG_WARN_CONSTANT_CONVERSION = YES;
				CLANG_WARN_DEPRECATED_OBJC_IMPLEMENTATIONS = YES;
				CLANG_WARN_DIRECT_OBJC_ISA_USAGE = YES_ERROR;
				CLANG_WARN_DOCUMENTATION_COMMENTS = YES;
				CLANG_WARN_EMPTY_BODY = YES;
				CLANG_WARN_ENUM_CONVERSION = YES;
				CLANG_WARN_INFINITE_RECURSION = YES;
				CLANG_WARN_INT_CONVERSION = YES;
				CLANG_WARN_NON_LITERAL_NULL_CONVERSION = YES;
				CLANG_WARN_OBJC_IMPLICIT_RETAIN_SELF = YES;
				CLANG_WARN_OBJC_LITERAL_CONVERSION = YES;
				CLANG_WARN_OBJC_ROOT_CLASS = YES_ERROR;
				CLANG_WARN_QUOTED_INCLUDE_IN_FRAMEWORK_HEADER = YES;
				CLANG_WARN_RANGE_LOOP_ANALYSIS = YES;
				CLANG_WARN_STRICT_PROTOTYPES = YES;
				CLANG_WARN_SUSPICIOUS_MOVE = YES;
				CLANG_WARN_UNGUARDED_AVAILABILITY = YES_AGGRESSIVE;
				CLANG_WARN_UNREACHABLE_CODE = YES;
				CLANG_WARN__DUPLICATE_METHOD_MATCH = YES;
				COPY_PHASE_STRIP = NO;
				DEBUG_INFORMATION_FORMAT = dwarf;
				ENABLE_STRICT_OBJC_MSGSEND = YES;
				ENABLE_TESTABILITY = YES;
				GCC_C_LANGUAGE_STANDARD = gnu11;
				GCC_DYNAMIC_NO_PIC = NO;
				GCC_NO_COMMON_BLOCKS = YES;
				GCC_OPTIMIZATION_LEVEL = 0;
				GCC_PREPROCESSOR_DEFINITIONS = (
					"DEBUG=1",
					"$(inherited)",
				);
				GCC_WARN_64_TO_32_BIT_CONVERSION = YES;
				GCC_WARN_ABOUT_RETURN_TYPE = YES_ERROR;
				GCC_WARN_UNDECLARED_SELECTOR = YES;
				GCC_WARN_UNINITIALIZED_AUTOS = YES_AGGRESSIVE;
				GCC_WARN_UNUSED_FUNCTION = YES;
				GCC_WARN_UNUSED_VARIABLE = YES;
				IPHONEOS_DEPLOYMENT_TARGET = 15.2;
				MTL_ENABLE_DEBUG_INFO = INCLUDE_SOURCE;
				MTL_FAST_MATH = YES;
				ONLY_ACTIVE_ARCH = YES;
				SDKROOT = iphoneos;
				SWIFT_ACTIVE_COMPILATION_CONDITIONS = DEBUG;
				SWIFT_OPTIMIZATION_LEVEL = "-Onone";
			};
			name = Debug;
		};
		311F59A327E098360001C116 /* Release */ = {
			isa = XCBuildConfiguration;
			buildSettings = {
				ALWAYS_SEARCH_USER_PATHS = NO;
				CLANG_ANALYZER_NONNULL = YES;
				CLANG_ANALYZER_NUMBER_OBJECT_CONVERSION = YES_AGGRESSIVE;
				CLANG_CXX_LANGUAGE_STANDARD = "gnu++17";
				CLANG_CXX_LIBRARY = "libc++";
				CLANG_ENABLE_MODULES = YES;
				CLANG_ENABLE_OBJC_ARC = YES;
				CLANG_ENABLE_OBJC_WEAK = YES;
				CLANG_WARN_BLOCK_CAPTURE_AUTORELEASING = YES;
				CLANG_WARN_BOOL_CONVERSION = YES;
				CLANG_WARN_COMMA = YES;
				CLANG_WARN_CONSTANT_CONVERSION = YES;
				CLANG_WARN_DEPRECATED_OBJC_IMPLEMENTATIONS = YES;
				CLANG_WARN_DIRECT_OBJC_ISA_USAGE = YES_ERROR;
				CLANG_WARN_DOCUMENTATION_COMMENTS = YES;
				CLANG_WARN_EMPTY_BODY = YES;
				CLANG_WARN_ENUM_CONVERSION = YES;
				CLANG_WARN_INFINITE_RECURSION = YES;
				CLANG_WARN_INT_CONVERSION = YES;
				CLANG_WARN_NON_LITERAL_NULL_CONVERSION = YES;
				CLANG_WARN_OBJC_IMPLICIT_RETAIN_SELF = YES;
				CLANG_WARN_OBJC_LITERAL_CONVERSION = YES;
				CLANG_WARN_OBJC_ROOT_CLASS = YES_ERROR;
				CLANG_WARN_QUOTED_INCLUDE_IN_FRAMEWORK_HEADER = YES;
				CLANG_WARN_RANGE_LOOP_ANALYSIS = YES;
				CLANG_WARN_STRICT_PROTOTYPES = YES;
				CLANG_WARN_SUSPICIOUS_MOVE = YES;
				CLANG_WARN_UNGUARDED_AVAILABILITY = YES_AGGRESSIVE;
				CLANG_WARN_UNREACHABLE_CODE = YES;
				CLANG_WARN__DUPLICATE_METHOD_MATCH = YES;
				COPY_PHASE_STRIP = NO;
				DEBUG_INFORMATION_FORMAT = "dwarf-with-dsym";
				ENABLE_NS_ASSERTIONS = NO;
				ENABLE_STRICT_OBJC_MSGSEND = YES;
				GCC_C_LANGUAGE_STANDARD = gnu11;
				GCC_NO_COMMON_BLOCKS = YES;
				GCC_WARN_64_TO_32_BIT_CONVERSION = YES;
				GCC_WARN_ABOUT_RETURN_TYPE = YES_ERROR;
				GCC_WARN_UNDECLARED_SELECTOR = YES;
				GCC_WARN_UNINITIALIZED_AUTOS = YES_AGGRESSIVE;
				GCC_WARN_UNUSED_FUNCTION = YES;
				GCC_WARN_UNUSED_VARIABLE = YES;
				IPHONEOS_DEPLOYMENT_TARGET = 15.2;
				MTL_ENABLE_DEBUG_INFO = NO;
				MTL_FAST_MATH = YES;
				SDKROOT = iphoneos;
				SWIFT_COMPILATION_MODE = wholemodule;
				SWIFT_OPTIMIZATION_LEVEL = "-O";
				VALIDATE_PRODUCT = YES;
			};
			name = Release;
		};
		311F59A527E098360001C116 /* Debug */ = {
			isa = XCBuildConfiguration;
			buildSettings = {
				ASSETCATALOG_COMPILER_APPICON_NAME = AppIcon;
				ASSETCATALOG_COMPILER_GLOBAL_ACCENT_COLOR_NAME = AccentColor;
				CODE_SIGN_IDENTITY = "Apple Development";
				CODE_SIGN_STYLE = Automatic;
				CURRENT_PROJECT_VERSION = 1;
				DEVELOPMENT_ASSET_PATHS = "\"WhistBuddy/Preview Content\"";
				DEVELOPMENT_TEAM = 3Q7V8SCPK3;
				ENABLE_PREVIEWS = YES;
				GENERATE_INFOPLIST_FILE = YES;
				INFOPLIST_KEY_UIApplicationSceneManifest_Generation = YES;
				INFOPLIST_KEY_UIApplicationSupportsIndirectInputEvents = YES;
				INFOPLIST_KEY_UILaunchScreen_Generation = YES;
				INFOPLIST_KEY_UISupportedInterfaceOrientations_iPad = "UIInterfaceOrientationPortrait UIInterfaceOrientationPortraitUpsideDown UIInterfaceOrientationLandscapeLeft UIInterfaceOrientationLandscapeRight";
				INFOPLIST_KEY_UISupportedInterfaceOrientations_iPhone = "UIInterfaceOrientationPortrait UIInterfaceOrientationLandscapeLeft UIInterfaceOrientationLandscapeRight";
				LD_RUNPATH_SEARCH_PATHS = (
					"$(inherited)",
					"@executable_path/Frameworks",
				);
				MARKETING_VERSION = 1.0.0;
				PRODUCT_BUNDLE_IDENTIFIER = anvacaru.WhistBuddy;
				PRODUCT_NAME = WhistBuddy;
				PROVISIONING_PROFILE_SPECIFIER = "";
				SWIFT_EMIT_LOC_STRINGS = YES;
				SWIFT_VERSION = 5.0;
				TARGETED_DEVICE_FAMILY = "1,2";
			};
			name = Debug;
		};
		311F59A627E098360001C116 /* Release */ = {
			isa = XCBuildConfiguration;
			buildSettings = {
				ASSETCATALOG_COMPILER_APPICON_NAME = AppIcon;
				ASSETCATALOG_COMPILER_GLOBAL_ACCENT_COLOR_NAME = AccentColor;
				CODE_SIGN_IDENTITY = "Apple Development";
				CODE_SIGN_STYLE = Automatic;
				CURRENT_PROJECT_VERSION = 1;
				DEVELOPMENT_ASSET_PATHS = "\"WhistBuddy/Preview Content\"";
				DEVELOPMENT_TEAM = 3Q7V8SCPK3;
				ENABLE_PREVIEWS = YES;
				GENERATE_INFOPLIST_FILE = YES;
				INFOPLIST_KEY_UIApplicationSceneManifest_Generation = YES;
				INFOPLIST_KEY_UIApplicationSupportsIndirectInputEvents = YES;
				INFOPLIST_KEY_UILaunchScreen_Generation = YES;
				INFOPLIST_KEY_UISupportedInterfaceOrientations_iPad = "UIInterfaceOrientationPortrait UIInterfaceOrientationPortraitUpsideDown UIInterfaceOrientationLandscapeLeft UIInterfaceOrientationLandscapeRight";
				INFOPLIST_KEY_UISupportedInterfaceOrientations_iPhone = "UIInterfaceOrientationPortrait UIInterfaceOrientationLandscapeLeft UIInterfaceOrientationLandscapeRight";
				LD_RUNPATH_SEARCH_PATHS = (
					"$(inherited)",
					"@executable_path/Frameworks",
				);
				MARKETING_VERSION = 1.0.0;
				PRODUCT_BUNDLE_IDENTIFIER = anvacaru.WhistBuddy;
				PRODUCT_NAME = WhistBuddy;
				PROVISIONING_PROFILE_SPECIFIER = "";
				SWIFT_EMIT_LOC_STRINGS = YES;
				SWIFT_VERSION = 5.0;
				TARGETED_DEVICE_FAMILY = "1,2";
			};
			name = Release;
		};
/* End XCBuildConfiguration section */

/* Begin XCConfigurationList section */
		311F599127E098340001C116 /* Build configuration list for PBXProject "WhistBuddy" */ = {
			isa = XCConfigurationList;
			buildConfigurations = (
				311F59A227E098360001C116 /* Debug */,
				311F59A327E098360001C116 /* Release */,
			);
			defaultConfigurationIsVisible = 0;
			defaultConfigurationName = Release;
		};
		311F59A427E098360001C116 /* Build configuration list for PBXNativeTarget "WhistBuddy" */ = {
			isa = XCConfigurationList;
			buildConfigurations = (
				311F59A527E098360001C116 /* Debug */,
				311F59A627E098360001C116 /* Release */,
			);
			defaultConfigurationIsVisible = 0;
			defaultConfigurationName = Release;
		};
/* End XCConfigurationList section */
	};
	rootObject = 311F598E27E098340001C116 /* Project object */;
}
